
Microsoft Visual Studio Solution File, Format Version 12.00
# Visual Studio Version 17
VisualStudioVersion = 17.8.34511.84
MinimumVisualStudioVersion = 10.0.40219.1
Project("{2150E333-8FDC-42A3-9474-1A3956D46DE8}") = "Source", "Source", "{7763C6C7-0AE0-4260-8787-F50BCC4F6B88}"
EndProject
Project("{2150E333-8FDC-42A3-9474-1A3956D46DE8}") = "BuildingBlocks", "BuildingBlocks", "{7FD83BFD-1B55-403A-8EF4-41BA051AD135}"
EndProject
Project("{2150E333-8FDC-42A3-9474-1A3956D46DE8}") = "Services", "Services", "{983CD677-80CD-4CEE-AAF4-A5281FDDD6C1}"
EndProject
Project("{2150E333-8FDC-42A3-9474-1A3956D46DE8}") = "Web", "Web", "{778AC023-B36E-4A75-81BA-6DA37A2ABAD3}"
EndProject
Project("{2150E333-8FDC-42A3-9474-1A3956D46DE8}") = "Identity", "Identity", "{D3AF638F-A929-4E90-B7DB-34575C542999}"
EndProject
Project("{FAE04EC0-301F-11D3-BF4B-00C04F79EFBC}") = "NSE.Indetity.API", "NSE.Indetity.API\NSE.Indetity.API.csproj", "{6E7FD41F-712F-41A2-9255-24CD3647B450}"
EndProject
Project("{2150E333-8FDC-42A3-9474-1A3956D46DE8}") = "MVC", "MVC", "{648E6786-87F0-4B9E-B5B9-73EB74E438EB}"
EndProject
Project("{FAE04EC0-301F-11D3-BF4B-00C04F79EFBC}") = "NSE.WebApp.MVC", "NSE.WebApp.MVC\NSE.WebApp.MVC.csproj", "{D5C87A81-41F2-411D-BB74-F7A3B16B6C1A}"
EndProject
Project("{2150E333-8FDC-42A3-9474-1A3956D46DE8}") = "Core", "Core", "{5FFD35F1-A17D-4540-99FD-94A1574132E0}"
EndProject
Project("{FAE04EC0-301F-11D3-BF4B-00C04F79EFBC}") = "NSE.Core", "NSE.Core\NSE.Core.csproj", "{B59E2A9A-7CA8-4A75-AA1B-F722B608B6C7}"
EndProject
Project("{2150E333-8FDC-42A3-9474-1A3956D46DE8}") = "Payment", "Payment", "{CE7D3CA9-1C8C-46ED-84EF-3E9F81766326}"
EndProject
Project("{FAE04EC0-301F-11D3-BF4B-00C04F79EFBC}") = "NSE.Payment.API", "NSE.Payment.API\NSE.Payment.API.csproj", "{A72C826D-9B63-490B-AC8C-AB411F513B07}"
EndProject
Project("{2150E333-8FDC-42A3-9474-1A3956D46DE8}") = "Catalog", "Catalog", "{14542BCD-F1BF-4BBA-92B8-C9E868808799}"
EndProject
Project("{FAE04EC0-301F-11D3-BF4B-00C04F79EFBC}") = "NSE.Catalog.API", "NSE.Catalog.API\NSE.Catalog.API.csproj", "{23D9D414-BFC5-4F13-AEAA-D55C5BB70B38}"
EndProject
Project("{2150E333-8FDC-42A3-9474-1A3956D46DE8}") = "Order", "Order", "{805299CC-4A07-4B60-AC9C-3724D905CF81}"
EndProject
Project("{FAE04EC0-301F-11D3-BF4B-00C04F79EFBC}") = "NSE.Order.API", "NSE.Order.API\NSE.Order.API.csproj", "{483D19EF-4118-428E-8DBE-D3DBA9838FB1}"
EndProject
Project("{2150E333-8FDC-42A3-9474-1A3956D46DE8}") = "Client", "Client", "{49E9C952-4982-4C4F-8AB9-0DED92AFB9C3}"
EndProject
Project("{FAE04EC0-301F-11D3-BF4B-00C04F79EFBC}") = "NSE.Client.API", "NSE.Client.API\NSE.Client.API.csproj", "{FF8464CE-4CB8-4123-B552-D1079879CF3F}"
EndProject
Project("{2150E333-8FDC-42A3-9474-1A3956D46DE8}") = "Cart", "Cart", "{854B6775-4728-419A-BFC2-AA84E6B6B2F8}"
EndProject
Project("{FAE04EC0-301F-11D3-BF4B-00C04F79EFBC}") = "NSE.Cart.API", "NSE.Cart.API\NSE.Cart.API.csproj", "{5DCC6248-C213-4C3D-8278-9F376A1B6750}"
EndProject
Global
	GlobalSection(SolutionConfigurationPlatforms) = preSolution
		Debug|Any CPU = Debug|Any CPU
		Release|Any CPU = Release|Any CPU
	EndGlobalSection
	GlobalSection(ProjectConfigurationPlatforms) = postSolution
		{6E7FD41F-712F-41A2-9255-24CD3647B450}.Debug|Any CPU.ActiveCfg = Debug|Any CPU
		{6E7FD41F-712F-41A2-9255-24CD3647B450}.Debug|Any CPU.Build.0 = Debug|Any CPU
		{6E7FD41F-712F-41A2-9255-24CD3647B450}.Release|Any CPU.ActiveCfg = Release|Any CPU
		{6E7FD41F-712F-41A2-9255-24CD3647B450}.Release|Any CPU.Build.0 = Release|Any CPU
		{D5C87A81-41F2-411D-BB74-F7A3B16B6C1A}.Debug|Any CPU.ActiveCfg = Debug|Any CPU
		{D5C87A81-41F2-411D-BB74-F7A3B16B6C1A}.Debug|Any CPU.Build.0 = Debug|Any CPU
		{D5C87A81-41F2-411D-BB74-F7A3B16B6C1A}.Release|Any CPU.ActiveCfg = Release|Any CPU
		{D5C87A81-41F2-411D-BB74-F7A3B16B6C1A}.Release|Any CPU.Build.0 = Release|Any CPU
		{B59E2A9A-7CA8-4A75-AA1B-F722B608B6C7}.Debug|Any CPU.ActiveCfg = Debug|Any CPU
		{B59E2A9A-7CA8-4A75-AA1B-F722B608B6C7}.Debug|Any CPU.Build.0 = Debug|Any CPU
		{B59E2A9A-7CA8-4A75-AA1B-F722B608B6C7}.Release|Any CPU.ActiveCfg = Release|Any CPU
		{B59E2A9A-7CA8-4A75-AA1B-F722B608B6C7}.Release|Any CPU.Build.0 = Release|Any CPU
		{A72C826D-9B63-490B-AC8C-AB411F513B07}.Debug|Any CPU.ActiveCfg = Debug|Any CPU
		{A72C826D-9B63-490B-AC8C-AB411F513B07}.Debug|Any CPU.Build.0 = Debug|Any CPU
		{A72C826D-9B63-490B-AC8C-AB411F513B07}.Release|Any CPU.ActiveCfg = Release|Any CPU
		{A72C826D-9B63-490B-AC8C-AB411F513B07}.Release|Any CPU.Build.0 = Release|Any CPU
		{23D9D414-BFC5-4F13-AEAA-D55C5BB70B38}.Debug|Any CPU.ActiveCfg = Debug|Any CPU
		{23D9D414-BFC5-4F13-AEAA-D55C5BB70B38}.Debug|Any CPU.Build.0 = Debug|Any CPU
		{23D9D414-BFC5-4F13-AEAA-D55C5BB70B38}.Release|Any CPU.ActiveCfg = Release|Any CPU
		{23D9D414-BFC5-4F13-AEAA-D55C5BB70B38}.Release|Any CPU.Build.0 = Release|Any CPU
		{483D19EF-4118-428E-8DBE-D3DBA9838FB1}.Debug|Any CPU.ActiveCfg = Debug|Any CPU
		{483D19EF-4118-428E-8DBE-D3DBA9838FB1}.Debug|Any CPU.Build.0 = Debug|Any CPU
		{483D19EF-4118-428E-8DBE-D3DBA9838FB1}.Release|Any CPU.ActiveCfg = Release|Any CPU
		{483D19EF-4118-428E-8DBE-D3DBA9838FB1}.Release|Any CPU.Build.0 = Release|Any CPU
		{FF8464CE-4CB8-4123-B552-D1079879CF3F}.Debug|Any CPU.ActiveCfg = Debug|Any CPU
		{FF8464CE-4CB8-4123-B552-D1079879CF3F}.Debug|Any CPU.Build.0 = Debug|Any CPU
		{FF8464CE-4CB8-4123-B552-D1079879CF3F}.Release|Any CPU.ActiveCfg = Release|Any CPU
		{FF8464CE-4CB8-4123-B552-D1079879CF3F}.Release|Any CPU.Build.0 = Release|Any CPU
		{5DCC6248-C213-4C3D-8278-9F376A1B6750}.Debug|Any CPU.ActiveCfg = Debug|Any CPU
		{5DCC6248-C213-4C3D-8278-9F376A1B6750}.Debug|Any CPU.Build.0 = Debug|Any CPU
		{5DCC6248-C213-4C3D-8278-9F376A1B6750}.Release|Any CPU.ActiveCfg = Release|Any CPU
		{5DCC6248-C213-4C3D-8278-9F376A1B6750}.Release|Any CPU.Build.0 = Release|Any CPU
	EndGlobalSection
	GlobalSection(SolutionProperties) = preSolution
		HideSolutionNode = FALSE
	EndGlobalSection
	GlobalSection(NestedProjects) = preSolution
		{7FD83BFD-1B55-403A-8EF4-41BA051AD135} = {7763C6C7-0AE0-4260-8787-F50BCC4F6B88}
		{983CD677-80CD-4CEE-AAF4-A5281FDDD6C1} = {7763C6C7-0AE0-4260-8787-F50BCC4F6B88}
		{778AC023-B36E-4A75-81BA-6DA37A2ABAD3} = {7763C6C7-0AE0-4260-8787-F50BCC4F6B88}
		{D3AF638F-A929-4E90-B7DB-34575C542999} = {983CD677-80CD-4CEE-AAF4-A5281FDDD6C1}
		{6E7FD41F-712F-41A2-9255-24CD3647B450} = {D3AF638F-A929-4E90-B7DB-34575C542999}
		{648E6786-87F0-4B9E-B5B9-73EB74E438EB} = {778AC023-B36E-4A75-81BA-6DA37A2ABAD3}
		{D5C87A81-41F2-411D-BB74-F7A3B16B6C1A} = {648E6786-87F0-4B9E-B5B9-73EB74E438EB}
		{5FFD35F1-A17D-4540-99FD-94A1574132E0} = {7FD83BFD-1B55-403A-8EF4-41BA051AD135}
		{B59E2A9A-7CA8-4A75-AA1B-F722B608B6C7} = {5FFD35F1-A17D-4540-99FD-94A1574132E0}
		{CE7D3CA9-1C8C-46ED-84EF-3E9F81766326} = {983CD677-80CD-4CEE-AAF4-A5281FDDD6C1}
		{A72C826D-9B63-490B-AC8C-AB411F513B07} = {CE7D3CA9-1C8C-46ED-84EF-3E9F81766326}
		{14542BCD-F1BF-4BBA-92B8-C9E868808799} = {983CD677-80CD-4CEE-AAF4-A5281FDDD6C1}
		{23D9D414-BFC5-4F13-AEAA-D55C5BB70B38} = {14542BCD-F1BF-4BBA-92B8-C9E868808799}
		{805299CC-4A07-4B60-AC9C-3724D905CF81} = {983CD677-80CD-4CEE-AAF4-A5281FDDD6C1}
		{483D19EF-4118-428E-8DBE-D3DBA9838FB1} = {805299CC-4A07-4B60-AC9C-3724D905CF81}
		{49E9C952-4982-4C4F-8AB9-0DED92AFB9C3} = {983CD677-80CD-4CEE-AAF4-A5281FDDD6C1}
		{FF8464CE-4CB8-4123-B552-D1079879CF3F} = {49E9C952-4982-4C4F-8AB9-0DED92AFB9C3}
		{854B6775-4728-419A-BFC2-AA84E6B6B2F8} = {983CD677-80CD-4CEE-AAF4-A5281FDDD6C1}
		{5DCC6248-C213-4C3D-8278-9F376A1B6750} = {854B6775-4728-419A-BFC2-AA84E6B6B2F8}
	EndGlobalSection
	GlobalSection(ExtensibilityGlobals) = postSolution
		SolutionGuid = {373BD543-8E53-4744-A180-F6A559804525}
	EndGlobalSection
EndGlobal
